
Microsoft Visual Studio Solution File, Format Version 12.00
# Visual Studio Version 17
VisualStudioVersion = 17.3.32825.248
MinimumVisualStudioVersion = 10.0.40219.1
Project("{FAE04EC0-301F-11D3-BF4B-00C04F79EFBC}") = "Week15OOPAndFiles", "Week15OOPAndFiles\Week15OOPAndFiles.csproj", "{53D1E2E5-7DD6-46CC-8513-D6D4FE65936A}"
EndProject
Global
	GlobalSection(SolutionConfigurationPlatforms) = preSolution
		Debug|Any CPU = Debug|Any CPU
		Release|Any CPU = Release|Any CPU
	EndGlobalSection
	GlobalSection(ProjectConfigurationPlatforms) = postSolution
		{53D1E2E5-7DD6-46CC-8513-D6D4FE65936A}.Debug|Any CPU.ActiveCfg = Debug|Any CPU
		{53D1E2E5-7DD6-46CC-8513-D6D4FE65936A}.Debug|Any CPU.Build.0 = Debug|Any CPU
		{53D1E2E5-7DD6-46CC-8513-D6D4FE65936A}.Release|Any CPU.ActiveCfg = Release|Any CPU
		{53D1E2E5-7DD6-46CC-8513-D6D4FE65936A}.Release|Any CPU.Build.0 = Release|Any CPU
	EndGlobalSection
	GlobalSection(SolutionProperties) = preSolution
		HideSolutionNode = FALSE
	EndGlobalSection
	GlobalSection(ExtensibilityGlobals) = postSolution
		SolutionGuid = {68196656-5F3F-416D-8700-12AE27FE0DA5}
	EndGlobalSection
EndGlobal
